// !$*UTF8*$!
{
	archiveVersion = 1;
	classes = {
	};
	objectVersion = 56;
	objects = {

/* Begin PBXBuildFile section */
		3F096CB62A00F26600D77E80 /* AppDelegate.swift in Sources */ = {isa = PBXBuildFile; fileRef = 3F096CB52A00F26600D77E80 /* AppDelegate.swift */; };
		3F096CB82A00F26600D77E80 /* SceneDelegate.swift in Sources */ = {isa = PBXBuildFile; fileRef = 3F096CB72A00F26600D77E80 /* SceneDelegate.swift */; };
		3F096CBD2A00F26600D77E80 /* Main.storyboard in Resources */ = {isa = PBXBuildFile; fileRef = 3F096CBB2A00F26600D77E80 /* Main.storyboard */; };
		3F096CBF2A00F26A00D77E80 /* Assets.xcassets in Resources */ = {isa = PBXBuildFile; fileRef = 3F096CBE2A00F26A00D77E80 /* Assets.xcassets */; };
		3F096CC22A00F26A00D77E80 /* LaunchScreen.storyboard in Resources */ = {isa = PBXBuildFile; fileRef = 3F096CC02A00F26A00D77E80 /* LaunchScreen.storyboard */; };
		3F096CD72A00F7C300D77E80 /* PokemonAPI in Frameworks */ = {isa = PBXBuildFile; productRef = 3F096CD62A00F7C300D77E80 /* PokemonAPI */; };
		3F096CD92A00F7E800D77E80 /* TableViewController.swift in Sources */ = {isa = PBXBuildFile; fileRef = 3F096CD82A00F7E800D77E80 /* TableViewController.swift */; };
		3F096CDB2A00F7FC00D77E80 /* PokemonDetailsViewController.swift in Sources */ = {isa = PBXBuildFile; fileRef = 3F096CDA2A00F7FC00D77E80 /* PokemonDetailsViewController.swift */; };
		3F096CDD2A00F80D00D77E80 /* PokemonDetailsViewController.storyboard in Resources */ = {isa = PBXBuildFile; fileRef = 3F096CDC2A00F80D00D77E80 /* PokemonDetailsViewController.storyboard */; };
		3FF5BAA02A0107EB007A4D95 /* Localizable.strings in Resources */ = {isa = PBXBuildFile; fileRef = 3FF5BAA22A0107EB007A4D95 /* Localizable.strings */; };
		3FF5BAA92A0108BB007A4D95 /* Utils.swift in Sources */ = {isa = PBXBuildFile; fileRef = 3FF5BAA82A0108BB007A4D95 /* Utils.swift */; };
/* End PBXBuildFile section */

/* Begin PBXFileReference section */
		3F096CB22A00F26600D77E80 /* Project1_Bala.app */ = {isa = PBXFileReference; explicitFileType = wrapper.application; includeInIndex = 0; path = Project1_Bala.app; sourceTree = BUILT_PRODUCTS_DIR; };
		3F096CB52A00F26600D77E80 /* AppDelegate.swift */ = {isa = PBXFileReference; lastKnownFileType = sourcecode.swift; path = AppDelegate.swift; sourceTree = "<group>"; };
		3F096CB72A00F26600D77E80 /* SceneDelegate.swift */ = {isa = PBXFileReference; lastKnownFileType = sourcecode.swift; path = SceneDelegate.swift; sourceTree = "<group>"; };
		3F096CBC2A00F26600D77E80 /* Base */ = {isa = PBXFileReference; lastKnownFileType = file.storyboard; name = Base; path = Base.lproj/Main.storyboard; sourceTree = "<group>"; };
		3F096CBE2A00F26A00D77E80 /* Assets.xcassets */ = {isa = PBXFileReference; lastKnownFileType = folder.assetcatalog; path = Assets.xcassets; sourceTree = "<group>"; };
		3F096CC12A00F26A00D77E80 /* Base */ = {isa = PBXFileReference; lastKnownFileType = file.storyboard; name = Base; path = Base.lproj/LaunchScreen.storyboard; sourceTree = "<group>"; };
		3F096CC32A00F26A00D77E80 /* Info.plist */ = {isa = PBXFileReference; lastKnownFileType = text.plist.xml; path = Info.plist; sourceTree = "<group>"; };
		3F096CD82A00F7E800D77E80 /* TableViewController.swift */ = {isa = PBXFileReference; lastKnownFileType = sourcecode.swift; path = TableViewController.swift; sourceTree = "<group>"; };
		3F096CDA2A00F7FC00D77E80 /* PokemonDetailsViewController.swift */ = {isa = PBXFileReference; lastKnownFileType = sourcecode.swift; path = PokemonDetailsViewController.swift; sourceTree = "<group>"; };
		3F096CDC2A00F80D00D77E80 /* PokemonDetailsViewController.storyboard */ = {isa = PBXFileReference; lastKnownFileType = file.storyboard; path = PokemonDetailsViewController.storyboard; sourceTree = "<group>"; };
		3FF5BAA12A0107EB007A4D95 /* en */ = {isa = PBXFileReference; lastKnownFileType = text.plist.strings; name = en; path = en.lproj/Localizable.strings; sourceTree = "<group>"; };
		3FF5BAA32A01081C007A4D95 /* ja */ = {isa = PBXFileReference; lastKnownFileType = text.plist.strings; name = ja; path = ja.lproj/Main.strings; sourceTree = "<group>"; };
		3FF5BAA42A01081C007A4D95 /* ja */ = {isa = PBXFileReference; lastKnownFileType = text.plist.strings; name = ja; path = ja.lproj/LaunchScreen.strings; sourceTree = "<group>"; };
		3FF5BAA52A01081C007A4D95 /* ja */ = {isa = PBXFileReference; lastKnownFileType = text.plist.strings; name = ja; path = ja.lproj/Localizable.strings; sourceTree = "<group>"; };
		3FF5BAA72A010821007A4D95 /* en */ = {isa = PBXFileReference; lastKnownFileType = text.plist.strings; name = en; path = en.lproj/Main.strings; sourceTree = "<group>"; };
		3FF5BAA82A0108BB007A4D95 /* Utils.swift */ = {isa = PBXFileReference; lastKnownFileType = sourcecode.swift; path = Utils.swift; sourceTree = "<group>"; };
/* End PBXFileReference section */

/* Begin PBXFrameworksBuildPhase section */
		3F096CAF2A00F26600D77E80 /* Frameworks */ = {
			isa = PBXFrameworksBuildPhase;
			buildActionMask = 2147483647;
			files = (
				3F096CD72A00F7C300D77E80 /* PokemonAPI in Frameworks */,
			);
			runOnlyForDeploymentPostprocessing = 0;
		};
/* End PBXFrameworksBuildPhase section */

/* Begin PBXGroup section */
		3F096CA92A00F26600D77E80 = {
			isa = PBXGroup;
			children = (
				3F096CB42A00F26600D77E80 /* Project1_Bala */,
				3F096CB32A00F26600D77E80 /* Products */,
			);
			sourceTree = "<group>";
		};
		3F096CB32A00F26600D77E80 /* Products */ = {
			isa = PBXGroup;
			children = (
				3F096CB22A00F26600D77E80 /* Project1_Bala.app */,
			);
			name = Products;
			sourceTree = "<group>";
		};
		3F096CB42A00F26600D77E80 /* Project1_Bala */ = {
			isa = PBXGroup;
			children = (
				3FF5BAA82A0108BB007A4D95 /* Utils.swift */,
				3F096CB52A00F26600D77E80 /* AppDelegate.swift */,
				3F096CB72A00F26600D77E80 /* SceneDelegate.swift */,
				3F096CBB2A00F26600D77E80 /* Main.storyboard */,
				3F096CBE2A00F26A00D77E80 /* Assets.xcassets */,
				3F096CC02A00F26A00D77E80 /* LaunchScreen.storyboard */,
				3F096CC32A00F26A00D77E80 /* Info.plist */,
				3F096CD82A00F7E800D77E80 /* TableViewController.swift */,
				3F096CDA2A00F7FC00D77E80 /* PokemonDetailsViewController.swift */,
				3F096CDC2A00F80D00D77E80 /* PokemonDetailsViewController.storyboard */,
				3FF5BAA22A0107EB007A4D95 /* Localizable.strings */,
			);
			path = Project1_Bala;
			sourceTree = "<group>";
		};
/* End PBXGroup section */

/* Begin PBXNativeTarget section */
		3F096CB12A00F26600D77E80 /* Project1_Bala */ = {
			isa = PBXNativeTarget;
			buildConfigurationList = 3F096CC62A00F26A00D77E80 /* Build configuration list for PBXNativeTarget "Project1_Bala" */;
			buildPhases = (
				3F096CAE2A00F26600D77E80 /* Sources */,
				3F096CAF2A00F26600D77E80 /* Frameworks */,
				3F096CB02A00F26600D77E80 /* Resources */,
			);
			buildRules = (
			);
			dependencies = (
			);
			name = Project1_Bala;
			packageProductDependencies = (
				3F096CD62A00F7C300D77E80 /* PokemonAPI */,
			);
			productName = Project1_Bala;
			productReference = 3F096CB22A00F26600D77E80 /* Project1_Bala.app */;
			productType = "com.apple.product-type.application";
		};
/* End PBXNativeTarget section */

/* Begin PBXProject section */
		3F096CAA2A00F26600D77E80 /* Project object */ = {
			isa = PBXProject;
			attributes = {
				BuildIndependentTargetsInParallel = 1;
				LastSwiftUpdateCheck = 1420;
				LastUpgradeCheck = 1420;
				TargetAttributes = {
					3F096CB12A00F26600D77E80 = {
						CreatedOnToolsVersion = 14.2;
					};
				};
			};
			buildConfigurationList = 3F096CAD2A00F26600D77E80 /* Build configuration list for PBXProject "Project1_Bala" */;
			compatibilityVersion = "Xcode 14.0";
			developmentRegion = en;
			hasScannedForEncodings = 0;
			knownRegions = (
				en,
				Base,
				ja,
			);
			mainGroup = 3F096CA92A00F26600D77E80;
			packageReferences = (
				3F096CD52A00F7C300D77E80 /* XCRemoteSwiftPackageReference "PokemonAPI" */,
			);
			productRefGroup = 3F096CB32A00F26600D77E80 /* Products */;
			projectDirPath = "";
			projectRoot = "";
			targets = (
				3F096CB12A00F26600D77E80 /* Project1_Bala */,
			);
		};
/* End PBXProject section */

/* Begin PBXResourcesBuildPhase section */
		3F096CB02A00F26600D77E80 /* Resources */ = {
			isa = PBXResourcesBuildPhase;
			buildActionMask = 2147483647;
			files = (
				3FF5BAA02A0107EB007A4D95 /* Localizable.strings in Resources */,
				3F096CDD2A00F80D00D77E80 /* PokemonDetailsViewController.storyboard in Resources */,
				3F096CC22A00F26A00D77E80 /* LaunchScreen.storyboard in Resources */,
				3F096CBF2A00F26A00D77E80 /* Assets.xcassets in Resources */,
				3F096CBD2A00F26600D77E80 /* Main.storyboard in Resources */,
			);
			runOnlyForDeploymentPostprocessing = 0;
		};
/* End PBXResourcesBuildPhase section */

/* Begin PBXSourcesBuildPhase section */
		3F096CAE2A00F26600D77E80 /* Sources */ = {
			isa = PBXSourcesBuildPhase;
			buildActionMask = 2147483647;
			files = (
				3FF5BAA92A0108BB007A4D95 /* Utils.swift in Sources */,
				3F096CDB2A00F7FC00D77E80 /* PokemonDetailsViewController.swift in Sources */,
				3F096CB62A00F26600D77E80 /* AppDelegate.swift in Sources */,
				3F096CB82A00F26600D77E80 /* SceneDelegate.swift in Sources */,
				3F096CD92A00F7E800D77E80 /* TableViewController.swift in Sources */,
			);
			runOnlyForDeploymentPostprocessing = 0;
		};
/* End PBXSourcesBuildPhase section */

/* Begin PBXVariantGroup section */
		3F096CBB2A00F26600D77E80 /* Main.storyboard */ = {
			isa = PBXVariantGroup;
			children = (
				3F096CBC2A00F26600D77E80 /* Base */,
				3FF5BAA32A01081C007A4D95 /* ja */,
				3FF5BAA72A010821007A4D95 /* en */,
			);
			name = Main.storyboard;
			sourceTree = "<group>";
		};
		3F096CC02A00F26A00D77E80 /* LaunchScreen.storyboard */ = {
			isa = PBXVariantGroup;
			children = (
				3F096CC12A00F26A00D77E80 /* Base */,
				3FF5BAA42A01081C007A4D95 /* ja */,
			);
			name = LaunchScreen.storyboard;
			sourceTree = "<group>";
		};
		3FF5BAA22A0107EB007A4D95 /* Localizable.strings */ = {
			isa = PBXVariantGroup;
			children = (
				3FF5BAA12A0107EB007A4D95 /* en */,
				3FF5BAA52A01081C007A4D95 /* ja */,
			);
			name = Localizable.strings;
			sourceTree = "<group>";
		};
/* End PBXVariantGroup section */

/* Begin XCBuildConfiguration section */
		3F096CC42A00F26A00D77E80 /* Debug */ = {
			isa = XCBuildConfiguration;
			buildSettings = {
				ALWAYS_SEARCH_USER_PATHS = NO;
				CLANG_ANALYZER_LOCALIZABILITY_NONLOCALIZED = YES;
				CLANG_ANALYZER_NONNULL = YES;
				CLANG_ANALYZER_NUMBER_OBJECT_CONVERSION = YES_AGGRESSIVE;
				CLANG_CXX_LANGUAGE_STANDARD = "gnu++20";
				CLANG_ENABLE_MODULES = YES;
				CLANG_ENABLE_OBJC_ARC = YES;
				CLANG_ENABLE_OBJC_WEAK = YES;
				CLANG_WARN_BLOCK_CAPTURE_AUTORELEASING = YES;
				CLANG_WARN_BOOL_CONVERSION = YES;
				CLANG_WARN_COMMA = YES;
				CLANG_WARN_CONSTANT_CONVERSION = YES;
				CLANG_WARN_DEPRECATED_OBJC_IMPLEMENTATIONS = YES;
				CLANG_WARN_DIRECT_OBJC_ISA_USAGE = YES_ERROR;
				CLANG_WARN_DOCUMENTATION_COMMENTS = YES;
				CLANG_WARN_EMPTY_BODY = YES;
				CLANG_WARN_ENUM_CONVERSION = YES;
				CLANG_WARN_INFINITE_RECURSION = YES;
				CLANG_WARN_INT_CONVERSION = YES;
				CLANG_WARN_NON_LITERAL_NULL_CONVERSION = YES;
				CLANG_WARN_OBJC_IMPLICIT_RETAIN_SELF = YES;
				CLANG_WARN_OBJC_LITERAL_CONVERSION = YES;
				CLANG_WARN_OBJC_ROOT_CLASS = YES_ERROR;
				CLANG_WARN_QUOTED_INCLUDE_IN_FRAMEWORK_HEADER = YES;
				CLANG_WARN_RANGE_LOOP_ANALYSIS = YES;
				CLANG_WARN_STRICT_PROTOTYPES = YES;
				CLANG_WARN_SUSPICIOUS_MOVE = YES;
				CLANG_WARN_UNGUARDED_AVAILABILITY = YES_AGGRESSIVE;
				CLANG_WARN_UNREACHABLE_CODE = YES;
				CLANG_WARN__DUPLICATE_METHOD_MATCH = YES;
				COPY_PHASE_STRIP = NO;
				DEBUG_INFORMATION_FORMAT = dwarf;
				ENABLE_STRICT_OBJC_MSGSEND = YES;
				ENABLE_TESTABILITY = YES;
				GCC_C_LANGUAGE_STANDARD = gnu11;
				GCC_DYNAMIC_NO_PIC = NO;
				GCC_NO_COMMON_BLOCKS = YES;
				GCC_OPTIMIZATION_LEVEL = 0;
				GCC_PREPROCESSOR_DEFINITIONS = (
					"DEBUG=1",
					"$(inherited)",
				);
				GCC_WARN_64_TO_32_BIT_CONVERSION = YES;
				GCC_WARN_ABOUT_RETURN_TYPE = YES_ERROR;
				GCC_WARN_UNDECLARED_SELECTOR = YES;
				GCC_WARN_UNINITIALIZED_AUTOS = YES_AGGRESSIVE;
				GCC_WARN_UNUSED_FUNCTION = YES;
				GCC_WARN_UNUSED_VARIABLE = YES;
				IPHONEOS_DEPLOYMENT_TARGET = 16.2;
				MTL_ENABLE_DEBUG_INFO = INCLUDE_SOURCE;
				MTL_FAST_MATH = YES;
				ONLY_ACTIVE_ARCH = YES;
				SDKROOT = iphoneos;
				SWIFT_ACTIVE_COMPILATION_CONDITIONS = DEBUG;
				SWIFT_OPTIMIZATION_LEVEL = "-Onone";
			};
			name = Debug;
		};
		3F096CC52A00F26A00D77E80 /* Release */ = {
			isa = XCBuildConfiguration;
			buildSettings = {
				ALWAYS_SEARCH_USER_PATHS = NO;
				CLANG_ANALYZER_LOCALIZABILITY_NONLOCALIZED = YES;
				CLANG_ANALYZER_NONNULL = YES;
				CLANG_ANALYZER_NUMBER_OBJECT_CONVERSION = YES_AGGRESSIVE;
				CLANG_CXX_LANGUAGE_STANDARD = "gnu++20";
				CLANG_ENABLE_MODULES = YES;
				CLANG_ENABLE_OBJC_ARC = YES;
				CLANG_ENABLE_OBJC_WEAK = YES;
				CLANG_WARN_BLOCK_CAPTURE_AUTORELEASING = YES;
				CLANG_WARN_BOOL_CONVERSION = YES;
				CLANG_WARN_COMMA = YES;
				CLANG_WARN_CONSTANT_CONVERSION = YES;
				CLANG_WARN_DEPRECATED_OBJC_IMPLEMENTATIONS = YES;
				CLANG_WARN_DIRECT_OBJC_ISA_USAGE = YES_ERROR;
				CLANG_WARN_DOCUMENTATION_COMMENTS = YES;
				CLANG_WARN_EMPTY_BODY = YES;
				CLANG_WARN_ENUM_CONVERSION = YES;
				CLANG_WARN_INFINITE_RECURSION = YES;
				CLANG_WARN_INT_CONVERSION = YES;
				CLANG_WARN_NON_LITERAL_NULL_CONVERSION = YES;
				CLANG_WARN_OBJC_IMPLICIT_RETAIN_SELF = YES;
				CLANG_WARN_OBJC_LITERAL_CONVERSION = YES;
				CLANG_WARN_OBJC_ROOT_CLASS = YES_ERROR;
				CLANG_WARN_QUOTED_INCLUDE_IN_FRAMEWORK_HEADER = YES;
				CLANG_WARN_RANGE_LOOP_ANALYSIS = YES;
				CLANG_WARN_STRICT_PROTOTYPES = YES;
				CLANG_WARN_SUSPICIOUS_MOVE = YES;
				CLANG_WARN_UNGUARDED_AVAILABILITY = YES_AGGRESSIVE;
				CLANG_WARN_UNREACHABLE_CODE = YES;
				CLANG_WARN__DUPLICATE_METHOD_MATCH = YES;
				COPY_PHASE_STRIP = NO;
				DEBUG_INFORMATION_FORMAT = "dwarf-with-dsym";
				ENABLE_NS_ASSERTIONS = NO;
				ENABLE_STRICT_OBJC_MSGSEND = YES;
				GCC_C_LANGUAGE_STANDARD = gnu11;
				GCC_NO_COMMON_BLOCKS = YES;
				GCC_WARN_64_TO_32_BIT_CONVERSION = YES;
				GCC_WARN_ABOUT_RETURN_TYPE = YES_ERROR;
				GCC_WARN_UNDECLARED_SELECTOR = YES;
				GCC_WARN_UNINITIALIZED_AUTOS = YES_AGGRESSIVE;
				GCC_WARN_UNUSED_FUNCTION = YES;
				GCC_WARN_UNUSED_VARIABLE = YES;
				IPHONEOS_DEPLOYMENT_TARGET = 16.2;
				MTL_ENABLE_DEBUG_INFO = NO;
				MTL_FAST_MATH = YES;
				SDKROOT = iphoneos;
				SWIFT_COMPILATION_MODE = wholemodule;
				SWIFT_OPTIMIZATION_LEVEL = "-O";
				VALIDATE_PRODUCT = YES;
			};
			name = Release;
		};
		3F096CC72A00F26A00D77E80 /* Debug */ = {
			isa = XCBuildConfiguration;
			buildSettings = {
				ASSETCATALOG_COMPILER_APPICON_NAME = AppIcon;
				ASSETCATALOG_COMPILER_GLOBAL_ACCENT_COLOR_NAME = AccentColor;
				CODE_SIGN_STYLE = Automatic;
				CURRENT_PROJECT_VERSION = 1;
				GENERATE_INFOPLIST_FILE = YES;
				INFOPLIST_FILE = Project1_Bala/Info.plist;
				INFOPLIST_KEY_UIApplicationSupportsIndirectInputEvents = YES;
				INFOPLIST_KEY_UILaunchStoryboardName = LaunchScreen;
				INFOPLIST_KEY_UIMainStoryboardFile = Main;
				INFOPLIST_KEY_UISupportedInterfaceOrientations_iPad = "UIInterfaceOrientationPortrait UIInterfaceOrientationPortraitUpsideDown UIInterfaceOrientationLandscapeLeft UIInterfaceOrientationLandscapeRight";
				INFOPLIST_KEY_UISupportedInterfaceOrientations_iPhone = "UIInterfaceOrientationPortrait UIInterfaceOrientationLandscapeLeft UIInterfaceOrientationLandscapeRight";
				LD_RUNPATH_SEARCH_PATHS = (
					"$(inherited)",
					"@executable_path/Frameworks",
				);
				MARKETING_VERSION = 1.0;
				PRODUCT_BUNDLE_IDENTIFIER = "com.Bala.Project1-Bala";
				PRODUCT_NAME = "$(TARGET_NAME)";
				SWIFT_EMIT_LOC_STRINGS = YES;
				SWIFT_VERSION = 5.0;
				TARGETED_DEVICE_FAMILY = "1,2";
			};
			name = Debug;
		};
		3F096CC82A00F26A00D77E80 /* Release */ = {
			isa = XCBuildConfiguration;
			buildSettings = {
				ASSETCATALOG_COMPILER_APPICON_NAME = AppIcon;
				ASSETCATALOG_COMPILER_GLOBAL_ACCENT_COLOR_NAME = AccentColor;
				CODE_SIGN_STYLE = Automatic;
				CURRENT_PROJECT_VERSION = 1;
				GENERATE_INFOPLIST_FILE = YES;
				INFOPLIST_FILE = Project1_Bala/Info.plist;
				INFOPLIST_KEY_UIApplicationSupportsIndirectInputEvents = YES;
				INFOPLIST_KEY_UILaunchStoryboardName = LaunchScreen;
				INFOPLIST_KEY_UIMainStoryboardFile = Main;
				INFOPLIST_KEY_UISupportedInterfaceOrientations_iPad = "UIInterfaceOrientationPortrait UIInterfaceOrientationPortraitUpsideDown UIInterfaceOrientationLandscapeLeft UIInterfaceOrientationLandscapeRight";
				INFOPLIST_KEY_UISupportedInterfaceOrientations_iPhone = "UIInterfaceOrientationPortrait UIInterfaceOrientationLandscapeLeft UIInterfaceOrientationLandscapeRight";
				LD_RUNPATH_SEARCH_PATHS = (
					"$(inherited)",
					"@executable_path/Frameworks",
				);
				MARKETING_VERSION = 1.0;
				PRODUCT_BUNDLE_IDENTIFIER = "com.Bala.Project1-Bala";
				PRODUCT_NAME = "$(TARGET_NAME)";
				SWIFT_EMIT_LOC_STRINGS = YES;
				SWIFT_VERSION = 5.0;
				TARGETED_DEVICE_FAMILY = "1,2";
			};
			name = Release;
		};
/* End XCBuildConfiguration section */

/* Begin XCConfigurationList section */
		3F096CAD2A00F26600D77E80 /* Build configuration list for PBXProject "Project1_Bala" */ = {
			isa = XCConfigurationList;
			buildConfigurations = (
				3F096CC42A00F26A00D77E80 /* Debug */,
				3F096CC52A00F26A00D77E80 /* Release */,
			);
			defaultConfigurationIsVisible = 0;
			defaultConfigurationName = Release;
		};
		3F096CC62A00F26A00D77E80 /* Build configuration list for PBXNativeTarget "Project1_Bala" */ = {
			isa = XCConfigurationList;
			buildConfigurations = (
				3F096CC72A00F26A00D77E80 /* Debug */,
				3F096CC82A00F26A00D77E80 /* Release */,
			);
			defaultConfigurationIsVisible = 0;
			defaultConfigurationName = Release;
		};
/* End XCConfigurationList section */

/* Begin XCRemoteSwiftPackageReference section */
		3F096CD52A00F7C300D77E80 /* XCRemoteSwiftPackageReference "PokemonAPI" */ = {
			isa = XCRemoteSwiftPackageReference;
			repositoryURL = "https://github.com/kinkofer/PokemonAPI";
			requirement = {
				kind = upToNextMajorVersion;
				minimumVersion = 6.0.0;
			};
		};
/* End XCRemoteSwiftPackageReference section */

/* Begin XCSwiftPackageProductDependency section */
		3F096CD62A00F7C300D77E80 /* PokemonAPI */ = {
			isa = XCSwiftPackageProductDependency;
			package = 3F096CD52A00F7C300D77E80 /* XCRemoteSwiftPackageReference "PokemonAPI" */;
			productName = PokemonAPI;
		};
/* End XCSwiftPackageProductDependency section */
	};
	rootObject = 3F096CAA2A00F26600D77E80 /* Project object */;
}
